{
  "name": "minimalist-cv-print",
  "version": "0.0.1",
  "lockfileVersion": 3,
  "requires": true,
  "packages": {
    "": {
      "name": "minimalist-cv-print",
      "version": "0.0.1",
      "dependencies": {
        "hotkeypad": "^0.1.1"
      }
    },
    "node_modules/hotkeypad": {
      "version": "0.1.1",
      "resolved": "https://registry.npmjs.org/hotkeypad/-/hotkeypad-0.1.1.tgz",
      "integrity": "sha512-v8e9aByI1ReBX30bL/+dHQwsg+UGZaU4WXEWv72DG74h7fSToUm0udXam5tDCns4NsmWLXKzAL3Rjd9FfTjGXw=="
    }
  }
}
